# @generated - this file is auto-generated by `mise lock` https://mise.jdx.dev/dev-tools/mise-lock.html

[[tools.actionlint]]
version = "1.7.12"
backend = "aqua:rhysd/actionlint"

[tools.actionlint."platforms.linux-arm64"]
checksum = "sha256:325e971b6ba9bfa504672e29be93c24981eeb1c07576d730e9f7c8805afff0c6"
url = "https://github.com/rhysd/actionlint/releases/download/v1.7.12/actionlint_1.7.12_linux_arm64.tar.gz"
url_api = "https://api.github.com/repos/rhysd/actionlint/releases/assets/384924897"
provenance = "github-attestations"

[tools.actionlint."platforms.linux-arm64-musl"]
checksum = "sha256:325e971b6ba9bfa504672e29be93c24981eeb1c07576d730e9f7c8805afff0c6"
url = "https://github.com/rhysd/actionlint/releases/download/v1.7.12/actionlint_1.7.12_linux_arm64.tar.gz"
url_api = "https://api.github.com/repos/rhysd/actionlint/releases/assets/384924897"
provenance = "github-attestations"

[tools.actionlint."platforms.linux-x64"]
checksum = "sha256:8aca8db96f1b94770f1b0d72b6dddcb1ebb8123cb3712530b08cc387b349a3d8"
url = "https://github.com/rhysd/actionlint/releases/download/v1.7.12/actionlint_1.7.12_linux_amd64.tar.gz"
url_api = "https://api.github.com/repos/rhysd/actionlint/releases/assets/384924896"
provenance = "github-attestations"

[tools.actionlint."platforms.linux-x64-musl"]
checksum = "sha256:8aca8db96f1b94770f1b0d72b6dddcb1ebb8123cb3712530b08cc387b349a3d8"
url = "https://github.com/rhysd/actionlint/releases/download/v1.7.12/actionlint_1.7.12_linux_amd64.tar.gz"
url_api = "https://api.github.com/repos/rhysd/actionlint/releases/assets/384924896"
provenance = "github-attestations"

[tools.actionlint."platforms.macos-arm64"]
checksum = "sha256:aba9ced2dee8d27fecca3dc7feb1a7f9a52caefa1eb46f3271ea66b6e0e6953f"
url = "https://github.com/rhysd/actionlint/releases/download/v1.7.12/actionlint_1.7.12_darwin_arm64.tar.gz"
url_api = "https://api.github.com/repos/rhysd/actionlint/releases/assets/384924893"
provenance = "github-attestations"

[tools.actionlint."platforms.macos-x64"]
checksum = "sha256:5b44c3bc2255115c9b69e30efc0fecdf498fdb63c5d58e17084fd5f16324c644"
url = "https://github.com/rhysd/actionlint/releases/download/v1.7.12/actionlint_1.7.12_darwin_amd64.tar.gz"
url_api = "https://api.github.com/repos/rhysd/actionlint/releases/assets/384924880"
provenance = "github-attestations"

[tools.actionlint."platforms.windows-x64"]
checksum = "sha256:6e7241b51e6817ea6a047693d8e6fed13b31819c9a0dd6c5a726e1592d22f6e9"
url = "https://github.com/rhysd/actionlint/releases/download/v1.7.12/actionlint_1.7.12_windows_amd64.zip"
url_api = "https://api.github.com/repos/rhysd/actionlint/releases/assets/384924919"
provenance = "github-attestations"

[[tools."aqua:auth0/auth0-cli"]]
version = "1.32.0"
backend = "aqua:auth0/auth0-cli"

[tools."aqua:auth0/auth0-cli"."platforms.linux-arm64"]
checksum = "sha256:3bf36051842c0989aef2bc41bb94037c920aa96dbf9b270864f5322344a7cd16"
url = "https://github.com/auth0/auth0-cli/releases/download/v1.32.0/auth0-cli_1.32.0_Linux_arm64.tar.gz"
url_api = "https://api.github.com/repos/auth0/auth0-cli/releases/assets/455576049"

[tools."aqua:auth0/auth0-cli"."platforms.linux-arm64-musl"]
checksum = "sha256:3bf36051842c0989aef2bc41bb94037c920aa96dbf9b270864f5322344a7cd16"
url = "https://github.com/auth0/auth0-cli/releases/download/v1.32.0/auth0-cli_1.32.0_Linux_arm64.tar.gz"
url_api = "https://api.github.com/repos/auth0/auth0-cli/releases/assets/455576049"

[tools."aqua:auth0/auth0-cli"."platforms.linux-x64"]
checksum = "sha256:94413d37f2f42eda97784677ff3d137b06b9f216a1adf9d8981e200264e9c450"
url = "https://github.com/auth0/auth0-cli/releases/download/v1.32.0/auth0-cli_1.32.0_Linux_x86_64.tar.gz"
url_api = "https://api.github.com/repos/auth0/auth0-cli/releases/assets/455576048"

[tools."aqua:auth0/auth0-cli"."platforms.linux-x64-musl"]
checksum = "sha256:94413d37f2f42eda97784677ff3d137b06b9f216a1adf9d8981e200264e9c450"
url = "https://github.com/auth0/auth0-cli/releases/download/v1.32.0/auth0-cli_1.32.0_Linux_x86_64.tar.gz"
url_api = "https://api.github.com/repos/auth0/auth0-cli/releases/assets/455576048"

[tools."aqua:auth0/auth0-cli"."platforms.macos-arm64"]
checksum = "sha256:4fedaa18728ad463761db330bfda2310c08adcbfe76f943cf4edf85f0eab7fc9"
url = "https://github.com/auth0/auth0-cli/releases/download/v1.32.0/auth0-cli_1.32.0_Darwin_arm64.tar.gz"
url_api = "https://api.github.com/repos/auth0/auth0-cli/releases/assets/455576050"

[tools."aqua:auth0/auth0-cli"."platforms.macos-x64"]
checksum = "sha256:2a24f992149a30f37b6a85f87ad53845491311f9e661fc34931e0b93ac305da0"
url = "https://github.com/auth0/auth0-cli/releases/download/v1.32.0/auth0-cli_1.32.0_Darwin_x86_64.tar.gz"
url_api = "https://api.github.com/repos/auth0/auth0-cli/releases/assets/455576047"

[tools."aqua:auth0/auth0-cli"."platforms.windows-x64"]
checksum = "sha256:375750cae75aa7ce0039733779b4f9cd15aa5c9b8894c2d599c81016dd7ec1b5"
url = "https://github.com/auth0/auth0-cli/releases/download/v1.32.0/auth0-cli_1.32.0_Windows_x86_64.zip"
url_api = "https://api.github.com/repos/auth0/auth0-cli/releases/assets/455576063"

[[tools.cmake]]
version = "4.3.3"
backend = "aqua:Kitware/CMake"

[tools.cmake."platforms.linux-arm64"]
checksum = "sha256:9ea38356dbd3e32e51029a3e09a0f2f8e117ef4fbcaad7a21ffb36409bbd5cb4"
url = "https://github.com/Kitware/CMake/releases/download/v4.3.3/cmake-4.3.3-linux-aarch64.tar.gz"
url_api = "https://api.github.com/repos/Kitware/CMake/releases/assets/426406946"

[tools.cmake."platforms.linux-arm64-musl"]
checksum = "sha256:9ea38356dbd3e32e51029a3e09a0f2f8e117ef4fbcaad7a21ffb36409bbd5cb4"
url = "https://github.com/Kitware/CMake/releases/download/v4.3.3/cmake-4.3.3-linux-aarch64.tar.gz"
url_api = "https://api.github.com/repos/Kitware/CMake/releases/assets/426406946"

[tools.cmake."platforms.linux-x64"]
checksum = "sha256:927b2368a946c37269c3a66225ab00544e756459cdd0b5d0da438694fb9ff802"
url = "https://github.com/Kitware/CMake/releases/download/v4.3.3/cmake-4.3.3-linux-x86_64.tar.gz"
url_api = "https://api.github.com/repos/Kitware/CMake/releases/assets/426407023"

[tools.cmake."platforms.linux-x64-musl"]
checksum = "sha256:927b2368a946c37269c3a66225ab00544e756459cdd0b5d0da438694fb9ff802"
url = "https://github.com/Kitware/CMake/releases/download/v4.3.3/cmake-4.3.3-linux-x86_64.tar.gz"
url_api = "https://api.github.com/repos/Kitware/CMake/releases/assets/426407023"

[tools.cmake."platforms.macos-arm64"]
checksum = "sha256:5221a13450c7a0219a2a0d1b6c9085eb06489721fafd8488ccebc1584175d2fb"
url = "https://github.com/Kitware/CMake/releases/download/v4.3.3/cmake-4.3.3-macos-universal.tar.gz"
url_api = "https://api.github.com/repos/Kitware/CMake/releases/assets/426407094"

[tools.cmake."platforms.macos-x64"]
checksum = "sha256:5221a13450c7a0219a2a0d1b6c9085eb06489721fafd8488ccebc1584175d2fb"
url = "https://github.com/Kitware/CMake/releases/download/v4.3.3/cmake-4.3.3-macos-universal.tar.gz"
url_api = "https://api.github.com/repos/Kitware/CMake/releases/assets/426407094"

[tools.cmake."platforms.windows-x64"]
checksum = "sha256:935ade9e5e8723583c07f44c5592cea2a1c8f65c56ca7e07b34c025c880e0bd6"
url = "https://github.com/Kitware/CMake/releases/download/v4.3.3/cmake-4.3.3-windows-x86_64.zip"
url_api = "https://api.github.com/repos/Kitware/CMake/releases/assets/426407532"

[[tools.deno]]
version = "2.9.3"
backend = "core:deno"

[tools.deno."platforms.linux-arm64"]
checksum = "sha256:1a9b610fb536ac72ded978a2bec9d8bc2af96365709bea10ba02e617b1410133"
url = "https://dl.deno.land/release/v2.9.3/deno-aarch64-unknown-linux-gnu.zip"

[tools.deno."platforms.linux-arm64-musl"]
checksum = "sha256:1a9b610fb536ac72ded978a2bec9d8bc2af96365709bea10ba02e617b1410133"
url = "https://dl.deno.land/release/v2.9.3/deno-aarch64-unknown-linux-gnu.zip"

[tools.deno."platforms.linux-x64"]
checksum = "sha256:c4b10edac3e33cba510bd0e5783526d753a148071a9f0e86c693ea48b50512f2"
url = "https://dl.deno.land/release/v2.9.3/deno-x86_64-unknown-linux-gnu.zip"

[tools.deno."platforms.linux-x64-musl"]
checksum = "sha256:c4b10edac3e33cba510bd0e5783526d753a148071a9f0e86c693ea48b50512f2"
url = "https://dl.deno.land/release/v2.9.3/deno-x86_64-unknown-linux-gnu.zip"

[tools.deno."platforms.macos-arm64"]
checksum = "sha256:fecdfd2f962061c796eda4ce4c5753fdec33cdea4af4b5d1c513cf68f4e98955"
url = "https://dl.deno.land/release/v2.9.3/deno-aarch64-apple-darwin.zip"

[tools.deno."platforms.macos-x64"]
checksum = "sha256:03d9afd3e950cb56f4da221bd447c8ea0bd99967a6a428ae887c4bd1d8a5f516"
url = "https://dl.deno.land/release/v2.9.3/deno-x86_64-apple-darwin.zip"

[tools.deno."platforms.windows-x64"]
checksum = "sha256:5cf26da4e823b9a925220b57b25787d3b8a33729dd8e3d37681fcb57050f0050"
url = "https://dl.deno.land/release/v2.9.3/deno-x86_64-pc-windows-msvc.zip"

[[tools.emsdk]]
version = "6.0.6"
backend = "vfox:emsdk"

[tools.emsdk."platforms.linux-arm64"]
url = "https://github.com/emscripten-core/emsdk/archive/refs/heads/main.tar.gz"

[tools.emsdk."platforms.linux-arm64-musl"]
url = "https://github.com/emscripten-core/emsdk/archive/refs/heads/main.tar.gz"

[tools.emsdk."platforms.linux-x64"]
url = "https://github.com/emscripten-core/emsdk/archive/refs/heads/main.tar.gz"

[tools.emsdk."platforms.linux-x64-musl"]
url = "https://github.com/emscripten-core/emsdk/archive/refs/heads/main.tar.gz"

[tools.emsdk."platforms.macos-arm64"]
url = "https://github.com/emscripten-core/emsdk/archive/refs/heads/main.tar.gz"

[tools.emsdk."platforms.macos-x64"]
url = "https://github.com/emscripten-core/emsdk/archive/refs/heads/main.tar.gz"

[tools.emsdk."platforms.windows-x64"]
url = "https://github.com/emscripten-core/emsdk/archive/refs/heads/main.tar.gz"

[[tools."github:Pinggy-io/cli-js"]]
version = "0.5.1"
backend = "github:Pinggy-io/cli-js"

[tools."github:Pinggy-io/cli-js"."platforms.linux-arm64"]
checksum = "sha256:f093d3787af028b2aad24141b84821055cd9788a452fcbc7c93689c777c55fa2"
url = "https://github.com/Pinggy-io/cli-js/releases/download/v0.5.1/pinggy-linux-arm64"
url_api = "https://api.github.com/repos/Pinggy-io/cli-js/releases/assets/435179042"

[tools."github:Pinggy-io/cli-js"."platforms.linux-arm64-musl"]
checksum = "sha256:f093d3787af028b2aad24141b84821055cd9788a452fcbc7c93689c777c55fa2"
url = "https://github.com/Pinggy-io/cli-js/releases/download/v0.5.1/pinggy-linux-arm64"
url_api = "https://api.github.com/repos/Pinggy-io/cli-js/releases/assets/435179042"

[tools."github:Pinggy-io/cli-js"."platforms.linux-x64"]
checksum = "sha256:4a31ce02b4338fef2ed1f5825d9220e4f5c82e20293c709b5bfbd345b5accbfc"
url = "https://github.com/Pinggy-io/cli-js/releases/download/v0.5.1/pinggy-linux-x64"
url_api = "https://api.github.com/repos/Pinggy-io/cli-js/releases/assets/435179026"

[tools."github:Pinggy-io/cli-js"."platforms.linux-x64-musl"]
checksum = "sha256:4a31ce02b4338fef2ed1f5825d9220e4f5c82e20293c709b5bfbd345b5accbfc"
url = "https://github.com/Pinggy-io/cli-js/releases/download/v0.5.1/pinggy-linux-x64"
url_api = "https://api.github.com/repos/Pinggy-io/cli-js/releases/assets/435179026"

[tools."github:Pinggy-io/cli-js"."platforms.macos-arm64"]
checksum = "sha256:41fd31e5cd9f327ca918a55ccc3d912e3db2179235e9a6465e69c8532f5874fe"
url = "https://github.com/Pinggy-io/cli-js/releases/download/v0.5.1/pinggy-macos-arm64"
url_api = "https://api.github.com/repos/Pinggy-io/cli-js/releases/assets/435179375"

[tools."github:Pinggy-io/cli-js"."platforms.macos-x64"]
checksum = "sha256:a8366fa4b90f2fb476dfa6f0699f6a5f14b07eb569cb02009409a321353bdf94"
url = "https://github.com/Pinggy-io/cli-js/releases/download/v0.5.1/pinggy-macos-x64"
url_api = "https://api.github.com/repos/Pinggy-io/cli-js/releases/assets/435179801"

[tools."github:Pinggy-io/cli-js"."platforms.windows-x64"]
checksum = "sha256:4649ad28aea231c84015df07d03c4c1228b792f4a8c8214a550da5abcb3abf62"
url = "https://github.com/Pinggy-io/cli-js/releases/download/v0.5.1/pinggy-win-x64.exe"
url_api = "https://api.github.com/repos/Pinggy-io/cli-js/releases/assets/435179508"

[[tools.hk]]
version = "1.54.1"
backend = "aqua:jdx/hk"

[tools.hk."platforms.linux-arm64"]
checksum = "sha256:e00420ef742e2e222c2030253a8fa868033daf43fe670de17c2e6957dc577443"
url = "https://github.com/jdx/hk/releases/download/v1.54.1/hk-aarch64-unknown-linux-gnu.tar.gz"
url_api = "https://api.github.com/repos/jdx/hk/releases/assets/505018166"

[tools.hk."platforms.linux-arm64-musl"]
checksum = "sha256:a98f4e8d97bc4e07bef4528201f3dced2b2a9b3881ced92d0d38935a89b7ecfa"
url = "https://github.com/jdx/hk/releases/download/v1.54.1/hk-aarch64-unknown-linux-musl.tar.gz"
url_api = "https://api.github.com/repos/jdx/hk/releases/assets/505018162"

[tools.hk."platforms.linux-x64"]
checksum = "sha256:20775cfb4e8065aa25e790d888856d4d62cc2e688725c010f8a5fc112aa759b5"
url = "https://github.com/jdx/hk/releases/download/v1.54.1/hk-x86_64-unknown-linux-gnu.tar.gz"
url_api = "https://api.github.com/repos/jdx/hk/releases/assets/505018180"

[tools.hk."platforms.linux-x64-musl"]
checksum = "sha256:a78ee242f310d329843b36e41766df9b45ef29609c7424a6d84244b278f8cb3d"
url = "https://github.com/jdx/hk/releases/download/v1.54.1/hk-x86_64-unknown-linux-musl.tar.gz"
url_api = "https://api.github.com/repos/jdx/hk/releases/assets/505018181"

[tools.hk."platforms.macos-arm64"]
checksum = "sha256:8384262050e5f523c58af9e23cd92e2274e38cf95b4e72cf66f63545afa149b2"
url = "https://github.com/jdx/hk/releases/download/v1.54.1/hk-aarch64-apple-darwin.tar.gz"
url_api = "https://api.github.com/repos/jdx/hk/releases/assets/505018164"

[tools.hk."platforms.windows-x64"]
checksum = "sha256:32c28a6ec024ddfd59482334f0225f6e6c5202fdb3a5fdc74f3c987a1fd08007"
url = "https://github.com/jdx/hk/releases/download/v1.54.1/hk-x86_64-pc-windows-msvc.zip"
url_api = "https://api.github.com/repos/jdx/hk/releases/assets/505018165"

[[tools.ninja]]
version = "1.13.2"
backend = "aqua:ninja-build/ninja"

[tools.ninja."platforms.linux-arm64"]
checksum = "sha256:fd2cacc8050a7f12a16a2e48f9e06fca5c14fc4c2bee2babb67b58be17a607fc"
url = "https://github.com/ninja-build/ninja/releases/download/v1.13.2/ninja-linux-aarch64.zip"
url_api = "https://api.github.com/repos/ninja-build/ninja/releases/assets/318864579"

[tools.ninja."platforms.linux-arm64-musl"]
checksum = "sha256:fd2cacc8050a7f12a16a2e48f9e06fca5c14fc4c2bee2babb67b58be17a607fc"
url = "https://github.com/ninja-build/ninja/releases/download/v1.13.2/ninja-linux-aarch64.zip"
url_api = "https://api.github.com/repos/ninja-build/ninja/releases/assets/318864579"

[tools.ninja."platforms.linux-x64"]
checksum = "sha256:5749cbc4e668273514150a80e387a957f933c6ed3f5f11e03fb30955e2bbead6"
url = "https://github.com/ninja-build/ninja/releases/download/v1.13.2/ninja-linux.zip"
url_api = "https://api.github.com/repos/ninja-build/ninja/releases/assets/318865358"

[tools.ninja."platforms.linux-x64-musl"]
checksum = "sha256:5749cbc4e668273514150a80e387a957f933c6ed3f5f11e03fb30955e2bbead6"
url = "https://github.com/ninja-build/ninja/releases/download/v1.13.2/ninja-linux.zip"
url_api = "https://api.github.com/repos/ninja-build/ninja/releases/assets/318865358"

[tools.ninja."platforms.macos-arm64"]
checksum = "sha256:c99048673aa765960a99cf10c6ddb9f1fad506099ff0a0e137ad8960a88f321b"
url = "https://github.com/ninja-build/ninja/releases/download/v1.13.2/ninja-mac.zip"
url_api = "https://api.github.com/repos/ninja-build/ninja/releases/assets/318863524"

[tools.ninja."platforms.macos-x64"]
checksum = "sha256:c99048673aa765960a99cf10c6ddb9f1fad506099ff0a0e137ad8960a88f321b"
url = "https://github.com/ninja-build/ninja/releases/download/v1.13.2/ninja-mac.zip"
url_api = "https://api.github.com/repos/ninja-build/ninja/releases/assets/318863524"

[tools.ninja."platforms.windows-x64"]
checksum = "sha256:07fc8261b42b20e71d1720b39068c2e14ffcee6396b76fb7a795fb460b78dc65"
url = "https://github.com/ninja-build/ninja/releases/download/v1.13.2/ninja-win.zip"
url_api = "https://api.github.com/repos/ninja-build/ninja/releases/assets/318863577"

[[tools.pkl]]
version = "0.31.0"
backend = "aqua:apple/pkl"

[tools.pkl."platforms.linux-arm64"]
checksum = "sha256:471460cdd11e1cb9ac0a5401fdb05277ae3adb3a4573cc0a9c63ee087c1f93c8"
url = "https://github.com/apple/pkl/releases/download/0.31.0/pkl-linux-aarch64"
url_api = "https://api.github.com/repos/apple/pkl/releases/assets/362961698"

[tools.pkl."platforms.linux-arm64-musl"]
checksum = "sha256:471460cdd11e1cb9ac0a5401fdb05277ae3adb3a4573cc0a9c63ee087c1f93c8"
url = "https://github.com/apple/pkl/releases/download/0.31.0/pkl-linux-aarch64"
url_api = "https://api.github.com/repos/apple/pkl/releases/assets/362961698"

[tools.pkl."platforms.linux-x64"]
checksum = "sha256:5a5c2a889b68ca92ff4258f9d277f92412b98dfef5057daef7564202a20870b6"
url = "https://github.com/apple/pkl/releases/download/0.31.0/pkl-linux-amd64"
url_api = "https://api.github.com/repos/apple/pkl/releases/assets/362961695"

[tools.pkl."platforms.linux-x64-musl"]
checksum = "sha256:5a5c2a889b68ca92ff4258f9d277f92412b98dfef5057daef7564202a20870b6"
url = "https://github.com/apple/pkl/releases/download/0.31.0/pkl-linux-amd64"
url_api = "https://api.github.com/repos/apple/pkl/releases/assets/362961695"

[tools.pkl."platforms.macos-arm64"]
checksum = "sha256:349402ae32c35382c034b0c0af744ffb0d53a213888c44deec94a7810e144889"
url = "https://github.com/apple/pkl/releases/download/0.31.0/pkl-macos-aarch64"
url_api = "https://api.github.com/repos/apple/pkl/releases/assets/362961694"

[tools.pkl."platforms.macos-x64"]
checksum = "sha256:9f1cc8e3ac2327bc483b90d0c220da20eb785c3ba3fe92e021f47d3d56768282"
url = "https://github.com/apple/pkl/releases/download/0.31.0/pkl-macos-amd64"
url_api = "https://api.github.com/repos/apple/pkl/releases/assets/362961715"

[tools.pkl."platforms.windows-x64"]
checksum = "sha256:37d35ce8a165766502fb13799071d4cefa84d39fb455c75c471b47b9b5d12b04"
url = "https://github.com/apple/pkl/releases/download/0.31.0/pkl-windows-amd64.exe"
url_api = "https://api.github.com/repos/apple/pkl/releases/assets/362961758"

[[tools.sentry-cli]]
version = "3.6.2"
backend = "aqua:getsentry/sentry-cli"

[tools.sentry-cli."platforms.linux-arm64"]
checksum = "sha256:ff112ecf694b7d6b3629a6228ed4e3f7a0d51401bdf48a5051a79d8749dccd06"
url = "https://github.com/getsentry/sentry-cli/releases/download/3.6.2/sentry-cli-Linux-aarch64"
url_api = "https://api.github.com/repos/getsentry/sentry-cli/releases/assets/486164039"

[tools.sentry-cli."platforms.linux-arm64-musl"]
checksum = "sha256:ff112ecf694b7d6b3629a6228ed4e3f7a0d51401bdf48a5051a79d8749dccd06"
url = "https://github.com/getsentry/sentry-cli/releases/download/3.6.2/sentry-cli-Linux-aarch64"
url_api = "https://api.github.com/repos/getsentry/sentry-cli/releases/assets/486164039"

[tools.sentry-cli."platforms.linux-x64"]
checksum = "sha256:3a4bbf2c0d06378d4e59b337647483751a0a2b1603db5fd4991847d0cfd6478c"
url = "https://github.com/getsentry/sentry-cli/releases/download/3.6.2/sentry-cli-Linux-x86_64"
url_api = "https://api.github.com/repos/getsentry/sentry-cli/releases/assets/486164037"

[tools.sentry-cli."platforms.linux-x64-musl"]
checksum = "sha256:3a4bbf2c0d06378d4e59b337647483751a0a2b1603db5fd4991847d0cfd6478c"
url = "https://github.com/getsentry/sentry-cli/releases/download/3.6.2/sentry-cli-Linux-x86_64"
url_api = "https://api.github.com/repos/getsentry/sentry-cli/releases/assets/486164037"

[tools.sentry-cli."platforms.macos-arm64"]
checksum = "sha256:5a497deb1e388cc6445c09ddd6d2da4fc2aae8295405d6393c2e0ee635ca3687"
url = "https://github.com/getsentry/sentry-cli/releases/download/3.6.2/sentry-cli-Darwin-arm64"
url_api = "https://api.github.com/repos/getsentry/sentry-cli/releases/assets/486164028"

[tools.sentry-cli."platforms.macos-x64"]
checksum = "sha256:efe0a5289cdd0ea8ff727b1228a1bea6c840f2da38152e8f9f5ced05bd6659cd"
url = "https://github.com/getsentry/sentry-cli/releases/download/3.6.2/sentry-cli-Darwin-x86_64"
url_api = "https://api.github.com/repos/getsentry/sentry-cli/releases/assets/486164033"

[tools.sentry-cli."platforms.windows-x64"]
checksum = "sha256:5c90cb0045cef3d3c36113c2aa21a7dcae11627d2d6e3098b679dea5b6681be3"
url = "https://github.com/getsentry/sentry-cli/releases/download/3.6.2/sentry-cli-Windows-x86_64.exe"
url_api = "https://api.github.com/repos/getsentry/sentry-cli/releases/assets/486164038"

[[tools.shellcheck]]
version = "0.11.0"
backend = "aqua:koalaman/shellcheck"

[tools.shellcheck."platforms.linux-arm64"]
checksum = "sha256:12b331c1d2db6b9eb13cfca64306b1b157a86eb69db83023e261eaa7e7c14588"
url = "https://github.com/koalaman/shellcheck/releases/download/v0.11.0/shellcheck-v0.11.0.linux.aarch64.tar.xz"
url_api = "https://api.github.com/repos/koalaman/shellcheck/releases/assets/279056934"

[tools.shellcheck."platforms.linux-arm64-musl"]
checksum = "sha256:12b331c1d2db6b9eb13cfca64306b1b157a86eb69db83023e261eaa7e7c14588"
url = "https://github.com/koalaman/shellcheck/releases/download/v0.11.0/shellcheck-v0.11.0.linux.aarch64.tar.xz"
url_api = "https://api.github.com/repos/koalaman/shellcheck/releases/assets/279056934"

[tools.shellcheck."platforms.linux-x64"]
checksum = "sha256:8c3be12b05d5c177a04c29e3c78ce89ac86f1595681cab149b65b97c4e227198"
url = "https://github.com/koalaman/shellcheck/releases/download/v0.11.0/shellcheck-v0.11.0.linux.x86_64.tar.xz"
url_api = "https://api.github.com/repos/koalaman/shellcheck/releases/assets/279056942"

[tools.shellcheck."platforms.linux-x64-musl"]
checksum = "sha256:8c3be12b05d5c177a04c29e3c78ce89ac86f1595681cab149b65b97c4e227198"
url = "https://github.com/koalaman/shellcheck/releases/download/v0.11.0/shellcheck-v0.11.0.linux.x86_64.tar.xz"
url_api = "https://api.github.com/repos/koalaman/shellcheck/releases/assets/279056942"

[tools.shellcheck."platforms.macos-arm64"]
checksum = "sha256:56affdd8de5527894dca6dc3d7e0a99a873b0f004d7aabc30ae407d3f48b0a79"
url = "https://github.com/koalaman/shellcheck/releases/download/v0.11.0/shellcheck-v0.11.0.darwin.aarch64.tar.xz"
url_api = "https://api.github.com/repos/koalaman/shellcheck/releases/assets/279056932"

[tools.shellcheck."platforms.macos-x64"]
checksum = "sha256:3c89db4edcab7cf1c27bff178882e0f6f27f7afdf54e859fa041fca10febe4c6"
url = "https://github.com/koalaman/shellcheck/releases/download/v0.11.0/shellcheck-v0.11.0.darwin.x86_64.tar.xz"
url_api = "https://api.github.com/repos/koalaman/shellcheck/releases/assets/279056930"

[tools.shellcheck."platforms.windows-x64"]
checksum = "sha256:8a4e35ab0b331c85d73567b12f2a444df187f483e5079ceffa6bda1faa2e740e"
url = "https://github.com/koalaman/shellcheck/releases/download/v0.11.0/shellcheck-v0.11.0.zip"
url_api = "https://api.github.com/repos/koalaman/shellcheck/releases/assets/279056944"
